// !$*UTF8*$!
{
	archiveVersion = 1;
	classes = {
	};
	objectVersion = 56;
	objects = {

/* Begin PBXBuildFile section */
		25AF6CF92A17CCB100DA221A /* main.cpp in Sources */ = {isa = PBXBuildFile; fileRef = 25AF6CF82A17CCB100DA221A /* main.cpp */; };
		25AF6D012A17CCEF00DA221A /* realm-cpp-sdk in Frameworks */ = {isa = PBXBuildFile; productRef = 25AF6D002A17CCEF00DA221A /* realm-cpp-sdk */; };
/* End PBXBuildFile section */

/* Begin PBXCopyFilesBuildPhase section */
		25AF6CF32A17CCB100DA221A /* CopyFiles */ = {
			isa = PBXCopyFilesBuildPhase;
			buildActionMask = 2147483647;
			dstPath = /usr/share/man/man1/;
			dstSubfolderSpec = 0;
			files = (
			);
			runOnlyForDeploymentPostprocessing = 1;
		};
/* End PBXCopyFilesBuildPhase section */

/* Begin PBXFileReference section */
		25AF6CF52A17CCB100DA221A /* Observer-CPP */ = {isa = PBXFileReference; explicitFileType = "compiled.mach-o.executable"; includeInIndex = 0; path = "Observer-CPP"; sourceTree = BUILT_PRODUCTS_DIR; };
		25AF6CF82A17CCB100DA221A /* main.cpp */ = {isa = PBXFileReference; lastKnownFileType = sourcecode.cpp.cpp; path = main.cpp; sourceTree = "<group>"; };
/* End PBXFileReference section */

/* Begin PBXFrameworksBuildPhase section */
		25AF6CF22A17CCB100DA221A /* Frameworks */ = {
			isa = PBXFrameworksBuildPhase;
			buildActionMask = 2147483647;
			files = (
				25AF6D012A17CCEF00DA221A /* realm-cpp-sdk in Frameworks */,
			);
			runOnlyForDeploymentPostprocessing = 0;
		};
/* End PBXFrameworksBuildPhase section */

/* Begin PBXGroup section */
		25AF6CEC2A17CCB100DA221A = {
			isa = PBXGroup;
			children = (
				25AF6CF72A17CCB100DA221A /* Observer-CPP */,
				25AF6CF62A17CCB100DA221A /* Products */,
			);
			sourceTree = "<group>";
		};
		25AF6CF62A17CCB100DA221A /* Products */ = {
			isa = PBXGroup;
			children = (
				25AF6CF52A17CCB100DA221A /* Observer-CPP */,
			);
			name = Products;
			sourceTree = "<group>";
		};
		25AF6CF72A17CCB100DA221A /* Observer-CPP */ = {
			isa = PBXGroup;
			children = (
				25AF6CF82A17CCB100DA221A /* main.cpp */,
			);
			path = "Observer-CPP";
			sourceTree = "<group>";
		};
/* End PBXGroup section */

/* Begin PBXNativeTarget section */
		25AF6CF42A17CCB100DA221A /* Observer-CPP */ = {
			isa = PBXNativeTarget;
			buildConfigurationList = 25AF6CFC2A17CCB100DA221A /* Build configuration list for PBXNativeTarget "Observer-CPP" */;
			buildPhases = (
				25AF6CF12A17CCB100DA221A /* Sources */,
				25AF6CF22A17CCB100DA221A /* Frameworks */,
				25AF6CF32A17CCB100DA221A /* CopyFiles */,
			);
			buildRules = (
			);
			dependencies = (
			);
			name = "Observer-CPP";
			packageProductDependencies = (
				25AF6D002A17CCEF00DA221A /* realm-cpp-sdk */,
			);
			productName = ObserverDataUnit;
			productReference = 25AF6CF52A17CCB100DA221A /* Observer-CPP */;
			productType = "com.apple.product-type.tool";
		};
/* End PBXNativeTarget section */

/* Begin PBXProject section */
		25AF6CED2A17CCB100DA221A /* Project object */ = {
			isa = PBXProject;
			attributes = {
				BuildIndependentTargetsInParallel = 1;
				LastUpgradeCheck = 1430;
				TargetAttributes = {
					25AF6CF42A17CCB100DA221A = {
						CreatedOnToolsVersion = 14.3;
					};
				};
			};
			buildConfigurationList = 25AF6CF02A17CCB100DA221A /* Build configuration list for PBXProject "Observer-CPP" */;
			compatibilityVersion = "Xcode 14.0";
			developmentRegion = en;
			hasScannedForEncodings = 0;
			knownRegions = (
				en,
				Base,
			);
			mainGroup = 25AF6CEC2A17CCB100DA221A;
			packageReferences = (
				25AF6CFF2A17CCEF00DA221A /* XCRemoteSwiftPackageReference "realm-cpp" */,
			);
			productRefGroup = 25AF6CF62A17CCB100DA221A /* Products */;
			projectDirPath = "";
			projectRoot = "";
			targets = (
				25AF6CF42A17CCB100DA221A /* Observer-CPP */,
			);
		};
/* End PBXProject section */

/* Begin PBXSourcesBuildPhase section */
		25AF6CF12A17CCB100DA221A /* Sources */ = {
			isa = PBXSourcesBuildPhase;
			buildActionMask = 2147483647;
			files = (
				25AF6CF92A17CCB100DA221A /* main.cpp in Sources */,
			);
			runOnlyForDeploymentPostprocessing = 0;
		};
/* End PBXSourcesBuildPhase section */

/* Begin XCBuildConfiguration section */
		25AF6CFA2A17CCB100DA221A /* Debug */ = {
			isa = XCBuildConfiguration;
			buildSettings = {
				ALWAYS_SEARCH_USER_PATHS = NO;
				CLANG_ANALYZER_NONNULL = YES;
				CLANG_ANALYZER_NUMBER_OBJECT_CONVERSION = YES_AGGRESSIVE;
				CLANG_CXX_LANGUAGE_STANDARD = "gnu++20";
				CLANG_ENABLE_MODULES = YES;
				CLANG_ENABLE_OBJC_ARC = YES;
				CLANG_ENABLE_OBJC_WEAK = YES;
				CLANG_WARN_BLOCK_CAPTURE_AUTORELEASING = YES;
				CLANG_WARN_BOOL_CONVERSION = YES;
				CLANG_WARN_COMMA = YES;
				CLANG_WARN_CONSTANT_CONVERSION = YES;
				CLANG_WARN_DEPRECATED_OBJC_IMPLEMENTATIONS = YES;
				CLANG_WARN_DIRECT_OBJC_ISA_USAGE = YES_ERROR;
				CLANG_WARN_DOCUMENTATION_COMMENTS = YES;
				CLANG_WARN_EMPTY_BODY = YES;
				CLANG_WARN_ENUM_CONVERSION = YES;
				CLANG_WARN_INFINITE_RECURSION = YES;
				CLANG_WARN_INT_CONVERSION = YES;
				CLANG_WARN_NON_LITERAL_NULL_CONVERSION = YES;
				CLANG_WARN_OBJC_IMPLICIT_RETAIN_SELF = YES;
				CLANG_WARN_OBJC_LITERAL_CONVERSION = YES;
				CLANG_WARN_OBJC_ROOT_CLASS = YES_ERROR;
				CLANG_WARN_QUOTED_INCLUDE_IN_FRAMEWORK_HEADER = YES;
				CLANG_WARN_RANGE_LOOP_ANALYSIS = YES;
				CLANG_WARN_STRICT_PROTOTYPES = YES;
				CLANG_WARN_SUSPICIOUS_MOVE = YES;
				CLANG_WARN_UNGUARDED_AVAILABILITY = YES_AGGRESSIVE;
				CLANG_WARN_UNREACHABLE_CODE = YES;
				CLANG_WARN__DUPLICATE_METHOD_MATCH = YES;
				COPY_PHASE_STRIP = NO;
				DEBUG_INFORMATION_FORMAT = dwarf;
				ENABLE_STRICT_OBJC_MSGSEND = YES;
				ENABLE_TESTABILITY = YES;
				GCC_C_LANGUAGE_STANDARD = gnu11;
				GCC_DYNAMIC_NO_PIC = NO;
				GCC_NO_COMMON_BLOCKS = YES;
				GCC_OPTIMIZATION_LEVEL = 0;
				GCC_PREPROCESSOR_DEFINITIONS = (
					"DEBUG=1",
					"$(inherited)",
				);
				GCC_WARN_64_TO_32_BIT_CONVERSION = YES;
				GCC_WARN_ABOUT_RETURN_TYPE = YES_ERROR;
				GCC_WARN_UNDECLARED_SELECTOR = YES;
				GCC_WARN_UNINITIALIZED_AUTOS = YES_AGGRESSIVE;
				GCC_WARN_UNUSED_FUNCTION = YES;
				GCC_WARN_UNUSED_VARIABLE = YES;
				MACOSX_DEPLOYMENT_TARGET = 13.3;
				MTL_ENABLE_DEBUG_INFO = INCLUDE_SOURCE;
				MTL_FAST_MATH = YES;
				ONLY_ACTIVE_ARCH = YES;
				SDKROOT = macosx;
			};
			name = Debug;
		};
		25AF6CFB2A17CCB100DA221A /* Release */ = {
			isa = XCBuildConfiguration;
			buildSettings = {
				ALWAYS_SEARCH_USER_PATHS = NO;
				CLANG_ANALYZER_NONNULL = YES;
				CLANG_ANALYZER_NUMBER_OBJECT_CONVERSION = YES_AGGRESSIVE;
				CLANG_CXX_LANGUAGE_STANDARD = "gnu++20";
				CLANG_ENABLE_MODULES = YES;
				CLANG_ENABLE_OBJC_ARC = YES;
				CLANG_ENABLE_OBJC_WEAK = YES;
				CLANG_WARN_BLOCK_CAPTURE_AUTORELEASING = YES;
				CLANG_WARN_BOOL_CONVERSION = YES;
				CLANG_WARN_COMMA = YES;
				CLANG_WARN_CONSTANT_CONVERSION = YES;
				CLANG_WARN_DEPRECATED_OBJC_IMPLEMENTATIONS = YES;
				CLANG_WARN_DIRECT_OBJC_ISA_USAGE = YES_ERROR;
				CLANG_WARN_DOCUMENTATION_COMMENTS = YES;
				CLANG_WARN_EMPTY_BODY = YES;
				CLANG_WARN_ENUM_CONVERSION = YES;
				CLANG_WARN_INFINITE_RECURSION = YES;
				CLANG_WARN_INT_CONVERSION = YES;
				CLANG_WARN_NON_LITERAL_NULL_CONVERSION = YES;
				CLANG_WARN_OBJC_IMPLICIT_RETAIN_SELF = YES;
				CLANG_WARN_OBJC_LITERAL_CONVERSION = YES;
				CLANG_WARN_OBJC_ROOT_CLASS = YES_ERROR;
				CLANG_WARN_QUOTED_INCLUDE_IN_FRAMEWORK_HEADER = YES;
				CLANG_WARN_RANGE_LOOP_ANALYSIS = YES;
				CLANG_WARN_STRICT_PROTOTYPES = YES;
				CLANG_WARN_SUSPICIOUS_MOVE = YES;
				CLANG_WARN_UNGUARDED_AVAILABILITY = YES_AGGRESSIVE;
				CLANG_WARN_UNREACHABLE_CODE = YES;
				CLANG_WARN__DUPLICATE_METHOD_MATCH = YES;
				COPY_PHASE_STRIP = NO;
				DEBUG_INFORMATION_FORMAT = "dwarf-with-dsym";
				ENABLE_NS_ASSERTIONS = NO;
				ENABLE_STRICT_OBJC_MSGSEND = YES;
				GCC_C_LANGUAGE_STANDARD = gnu11;
				GCC_NO_COMMON_BLOCKS = YES;
				GCC_WARN_64_TO_32_BIT_CONVERSION = YES;
				GCC_WARN_ABOUT_RETURN_TYPE = YES_ERROR;
				GCC_WARN_UNDECLARED_SELECTOR = YES;
				GCC_WARN_UNINITIALIZED_AUTOS = YES_AGGRESSIVE;
				GCC_WARN_UNUSED_FUNCTION = YES;
				GCC_WARN_UNUSED_VARIABLE = YES;
				MACOSX_DEPLOYMENT_TARGET = 13.3;
				MTL_ENABLE_DEBUG_INFO = NO;
				MTL_FAST_MATH = YES;
				SDKROOT = macosx;
			};
			name = Release;
		};
		25AF6CFD2A17CCB100DA221A /* Debug */ = {
			isa = XCBuildConfiguration;
			buildSettings = {
				CODE_SIGN_STYLE = Automatic;
				GCC_PREPROCESSOR_DEFINITIONS = (
					"$(inherited)",
					"DEBUG=1",
					"REALM_VERSION_EXTRA=\"\"",
					"REALM_VERSION_PATCH=1",
					"REALM_VERSION_MAJOR=0",
					"REALM_VERSION_STRING=\"0.1\"",
					"REALM_VERSION_MINOR=0",
					"REALM_ENABLE_ASSERTIONS=1",
					"REALM_ENABLE_ENCRYPTION=1",
					"REALM_DEBUG=1",
					REALM_NO_CONFIG,
					"REALM_ENABLE_SYNC=1",
					"REALM_VERSION=\"0.0.1\"",
				);
				PRODUCT_NAME = "$(TARGET_NAME)";
			};
			name = Debug;
		};
		25AF6CFE2A17CCB100DA221A /* Release */ = {
			isa = XCBuildConfiguration;
			buildSettings = {
				CODE_SIGN_STYLE = Automatic;
				PRODUCT_NAME = "$(TARGET_NAME)";
			};
			name = Release;
		};
/* End XCBuildConfiguration section */

/* Begin XCConfigurationList section */
		25AF6CF02A17CCB100DA221A /* Build configuration list for PBXProject "Observer-CPP" */ = {
			isa = XCConfigurationList;
			buildConfigurations = (
				25AF6CFA2A17CCB100DA221A /* Debug */,
				25AF6CFB2A17CCB100DA221A /* Release */,
			);
			defaultConfigurationIsVisible = 0;
			defaultConfigurationName = Release;
		};
		25AF6CFC2A17CCB100DA221A /* Build configuration list for PBXNativeTarget "Observer-CPP" */ = {
			isa = XCConfigurationList;
			buildConfigurations = (
				25AF6CFD2A17CCB100DA221A /* Debug */,
				25AF6CFE2A17CCB100DA221A /* Release */,
			);
			defaultConfigurationIsVisible = 0;
			defaultConfigurationName = Release;
		};
/* End XCConfigurationList section */

/* Begin XCRemoteSwiftPackageReference section */
		25AF6CFF2A17CCEF00DA221A /* XCRemoteSwiftPackageReference "realm-cpp" */ = {
			isa = XCRemoteSwiftPackageReference;
			repositoryURL = "https://github.com/realm/realm-cpp";
			requirement = {
				branch = main;
				kind = branch;
			};
		};
/* End XCRemoteSwiftPackageReference section */

/* Begin XCSwiftPackageProductDependency section */
		25AF6D002A17CCEF00DA221A /* realm-cpp-sdk */ = {
			isa = XCSwiftPackageProductDependency;
			package = 25AF6CFF2A17CCEF00DA221A /* XCRemoteSwiftPackageReference "realm-cpp" */;
			productName = "realm-cpp-sdk";
		};
/* End XCSwiftPackageProductDependency section */
	};
	rootObject = 25AF6CED2A17CCB100DA221A /* Project object */;
}
