{
  "originHash" : "741e00a38ed257a55afd7208bf340dc23bf95ff1bc8db81aa7de23a4c81744c1",
  "pins" : [
    {
      "identity" : "dittoswiftpackage",
      "kind" : "remoteSourceControl",
      "location" : "https://github.com/getditto/DittoSwiftPackage",
      "state" : {
        "revision" : "e9ac25ae9d38d215cc5958c995450dbc9b9dbea7",
        "version" : "4.7.1"
      }
    }
  ],
  "version" : 3
}
